
Microsoft Visual Studio Solution File, Format Version 12.00
# Visual Studio 2012
Project("{FAE04EC0-301F-11D3-BF4B-00C04F79EFBC}") = "TimerCounting", "TimerCounting\TimerCounting.csproj", "{B3D6412B-2E6B-4320-AE73-62F70639F1BE}"
EndProject
Global
	GlobalSection(SolutionConfigurationPlatforms) = preSolution
		Debug|Any CPU = Debug|Any CPU
		Release|Any CPU = Release|Any CPU
	EndGlobalSection
	GlobalSection(ProjectConfigurationPlatforms) = postSolution
		{B3D6412B-2E6B-4320-AE73-62F70639F1BE}.Debug|Any CPU.ActiveCfg = Debug|Any CPU
		{B3D6412B-2E6B-4320-AE73-62F70639F1BE}.Debug|Any CPU.Build.0 = Debug|Any CPU
		{B3D6412B-2E6B-4320-AE73-62F70639F1BE}.Debug|Any CPU.Deploy.0 = Debug|Any CPU
		{B3D6412B-2E6B-4320-AE73-62F70639F1BE}.Release|Any CPU.ActiveCfg = Release|Any CPU
		{B3D6412B-2E6B-4320-AE73-62F70639F1BE}.Release|Any CPU.Build.0 = Release|Any CPU
		{B3D6412B-2E6B-4320-AE73-62F70639F1BE}.Release|Any CPU.Deploy.0 = Release|Any CPU
	EndGlobalSection
	GlobalSection(SolutionProperties) = preSolution
		HideSolutionNode = FALSE
	EndGlobalSection
EndGlobal
